// !$*UTF8*$!
{
	archiveVersion = 1;
	classes = {
	};
	objectVersion = 46;
	objects = {

/* Begin PBXBuildFile section */
		FE3D212B14980D6D002B99A4 /* UIKit.framework in Frameworks */ = {isa = PBXBuildFile; fileRef = FE3D212A14980D6D002B99A4 /* UIKit.framework */; };
		FE3D212D14980D6D002B99A4 /* Foundation.framework in Frameworks */ = {isa = PBXBuildFile; fileRef = FE3D212C14980D6D002B99A4 /* Foundation.framework */; };
		FE3D212F14980D6D002B99A4 /* CoreGraphics.framework in Frameworks */ = {isa = PBXBuildFile; fileRef = FE3D212E14980D6D002B99A4 /* CoreGraphics.framework */; };
		FE3D213514980D6D002B99A4 /* InfoPlist.strings in Resources */ = {isa = PBXBuildFile; fileRef = FE3D213314980D6D002B99A4 /* InfoPlist.strings */; };
		FE3D213714980D6D002B99A4 /* main.m in Sources */ = {isa = PBXBuildFile; fileRef = FE3D213614980D6D002B99A4 /* main.m */; };
		FE3D213B14980D6D002B99A4 /* AppDelegate.m in Sources */ = {isa = PBXBuildFile; fileRef = FE3D213A14980D6D002B99A4 /* AppDelegate.m */; };
		FE3D213E14980D6D002B99A4 /* RootViewController.m in Sources */ = {isa = PBXBuildFile; fileRef = FE3D213D14980D6D002B99A4 /* RootViewController.m */; };
		FE3D214114980D6D002B99A4 /* RootViewController.xib in Resources */ = {isa = PBXBuildFile; fileRef = FE3D213F14980D6D002B99A4 /* RootViewController.xib */; };
		FE3D214A149836A9002B99A4 /* SWSnapshotStackView.m in Sources */ = {isa = PBXBuildFile; fileRef = FE3D2149149836A9002B99A4 /* SWSnapshotStackView.m */; };
		FE3D21591499898C002B99A4 /* 350D_IMG_3157_20071030w.jpg in Resources */ = {isa = PBXBuildFile; fileRef = FE3D21581499898B002B99A4 /* 350D_IMG_3157_20071030w.jpg */; };
		FE3D215B1499957D002B99A4 /* QuartzCore.framework in Frameworks */ = {isa = PBXBuildFile; fileRef = FE3D215A1499957C002B99A4 /* QuartzCore.framework */; };
		FE3D215D149A1089002B99A4 /* IMG_5737_081229w7sq.jpg in Resources */ = {isa = PBXBuildFile; fileRef = FE3D215C149A1089002B99A4 /* IMG_5737_081229w7sq.jpg */; };
		FE3D215F149AD601002B99A4 /* IMG_2777_080216w6s.jpg in Resources */ = {isa = PBXBuildFile; fileRef = FE3D215E149AD601002B99A4 /* IMG_2777_080216w6s.jpg */; };
/* End PBXBuildFile section */

/* Begin PBXFileReference section */
		FE3D212614980D6D002B99A4 /* SWSnapshotStackViewDemo.app */ = {isa = PBXFileReference; explicitFileType = wrapper.application; includeInIndex = 0; path = SWSnapshotStackViewDemo.app; sourceTree = BUILT_PRODUCTS_DIR; };
		FE3D212A14980D6D002B99A4 /* UIKit.framework */ = {isa = PBXFileReference; lastKnownFileType = wrapper.framework; name = UIKit.framework; path = System/Library/Frameworks/UIKit.framework; sourceTree = SDKROOT; };
		FE3D212C14980D6D002B99A4 /* Foundation.framework */ = {isa = PBXFileReference; lastKnownFileType = wrapper.framework; name = Foundation.framework; path = System/Library/Frameworks/Foundation.framework; sourceTree = SDKROOT; };
		FE3D212E14980D6D002B99A4 /* CoreGraphics.framework */ = {isa = PBXFileReference; lastKnownFileType = wrapper.framework; name = CoreGraphics.framework; path = System/Library/Frameworks/CoreGraphics.framework; sourceTree = SDKROOT; };
		FE3D213214980D6D002B99A4 /* SWSnapshotStackViewDemo-Info.plist */ = {isa = PBXFileReference; lastKnownFileType = text.plist.xml; path = "SWSnapshotStackViewDemo-Info.plist"; sourceTree = "<group>"; };
		FE3D213414980D6D002B99A4 /* en */ = {isa = PBXFileReference; lastKnownFileType = text.plist.strings; name = en; path = en.lproj/InfoPlist.strings; sourceTree = "<group>"; };
		FE3D213614980D6D002B99A4 /* main.m */ = {isa = PBXFileReference; lastKnownFileType = sourcecode.c.objc; path = main.m; sourceTree = "<group>"; };
		FE3D213814980D6D002B99A4 /* SWSnapshotStackViewDemo-Prefix.pch */ = {isa = PBXFileReference; lastKnownFileType = sourcecode.c.h; path = "SWSnapshotStackViewDemo-Prefix.pch"; sourceTree = "<group>"; };
		FE3D213914980D6D002B99A4 /* AppDelegate.h */ = {isa = PBXFileReference; lastKnownFileType = sourcecode.c.h; path = AppDelegate.h; sourceTree = "<group>"; };
		FE3D213A14980D6D002B99A4 /* AppDelegate.m */ = {isa = PBXFileReference; lastKnownFileType = sourcecode.c.objc; path = AppDelegate.m; sourceTree = "<group>"; };
		FE3D213C14980D6D002B99A4 /* RootViewController.h */ = {isa = PBXFileReference; lastKnownFileType = sourcecode.c.h; path = RootViewController.h; sourceTree = "<group>"; };
		FE3D213D14980D6D002B99A4 /* RootViewController.m */ = {isa = PBXFileReference; lastKnownFileType = sourcecode.c.objc; path = RootViewController.m; sourceTree = "<group>"; };
		FE3D214014980D6D002B99A4 /* en */ = {isa = PBXFileReference; lastKnownFileType = file.xib; name = en; path = en.lproj/RootViewController.xib; sourceTree = "<group>"; };
		FE3D2148149836A9002B99A4 /* SWSnapshotStackView.h */ = {isa = PBXFileReference; fileEncoding = 4; lastKnownFileType = sourcecode.c.h; name = SWSnapshotStackView.h; path = ../SWSnapshotStackView.h; sourceTree = "<group>"; };
		FE3D2149149836A9002B99A4 /* SWSnapshotStackView.m */ = {isa = PBXFileReference; fileEncoding = 4; lastKnownFileType = sourcecode.c.objc; name = SWSnapshotStackView.m; path = ../SWSnapshotStackView.m; sourceTree = "<group>"; };
		FE3D21581499898B002B99A4 /* 350D_IMG_3157_20071030w.jpg */ = {isa = PBXFileReference; lastKnownFileType = image.jpeg; name = 350D_IMG_3157_20071030w.jpg; path = SWSnapshotStackViewDemo/Resources/350D_IMG_3157_20071030w.jpg; sourceTree = "<group>"; };
		FE3D215A1499957C002B99A4 /* QuartzCore.framework */ = {isa = PBXFileReference; lastKnownFileType = wrapper.framework; name = QuartzCore.framework; path = System/Library/Frameworks/QuartzCore.framework; sourceTree = SDKROOT; };
		FE3D215C149A1089002B99A4 /* IMG_5737_081229w7sq.jpg */ = {isa = PBXFileReference; lastKnownFileType = image.jpeg; name = IMG_5737_081229w7sq.jpg; path = SWSnapshotStackViewDemo/Resources/IMG_5737_081229w7sq.jpg; sourceTree = "<group>"; };
		FE3D215E149AD601002B99A4 /* IMG_2777_080216w6s.jpg */ = {isa = PBXFileReference; lastKnownFileType = image.jpeg; name = IMG_2777_080216w6s.jpg; path = SWSnapshotStackViewDemo/Resources/IMG_2777_080216w6s.jpg; sourceTree = "<group>"; };
/* End PBXFileReference section */

/* Begin PBXFrameworksBuildPhase section */
		FE3D212314980D6D002B99A4 /* Frameworks */ = {
			isa = PBXFrameworksBuildPhase;
			buildActionMask = 2147483647;
			files = (
				FE3D212B14980D6D002B99A4 /* UIKit.framework in Frameworks */,
				FE3D212D14980D6D002B99A4 /* Foundation.framework in Frameworks */,
				FE3D212F14980D6D002B99A4 /* CoreGraphics.framework in Frameworks */,
				FE3D215B1499957D002B99A4 /* QuartzCore.framework in Frameworks */,
			);
			runOnlyForDeploymentPostprocessing = 0;
		};
/* End PBXFrameworksBuildPhase section */

/* Begin PBXGroup section */
		FE3D211B14980D6C002B99A4 = {
			isa = PBXGroup;
			children = (
				FE3D21471498368C002B99A4 /* SWSnapshotStackView */,
				FE3D213014980D6D002B99A4 /* SWSnapshotStackViewDemo */,
				FE3D212914980D6D002B99A4 /* Frameworks */,
				FE3D212714980D6D002B99A4 /* Products */,
			);
			sourceTree = "<group>";
		};
		FE3D212714980D6D002B99A4 /* Products */ = {
			isa = PBXGroup;
			children = (
				FE3D212614980D6D002B99A4 /* SWSnapshotStackViewDemo.app */,
			);
			name = Products;
			sourceTree = "<group>";
		};
		FE3D212914980D6D002B99A4 /* Frameworks */ = {
			isa = PBXGroup;
			children = (
				FE3D212A14980D6D002B99A4 /* UIKit.framework */,
				FE3D212C14980D6D002B99A4 /* Foundation.framework */,
				FE3D212E14980D6D002B99A4 /* CoreGraphics.framework */,
				FE3D215A1499957C002B99A4 /* QuartzCore.framework */,
			);
			name = Frameworks;
			sourceTree = "<group>";
		};
		FE3D213014980D6D002B99A4 /* SWSnapshotStackViewDemo */ = {
			isa = PBXGroup;
			children = (
				FE3D213914980D6D002B99A4 /* AppDelegate.h */,
				FE3D213A14980D6D002B99A4 /* AppDelegate.m */,
				FE3D213C14980D6D002B99A4 /* RootViewController.h */,
				FE3D213D14980D6D002B99A4 /* RootViewController.m */,
				FE3D213F14980D6D002B99A4 /* RootViewController.xib */,
				FE3D2156149861C6002B99A4 /* Resources */,
				FE3D213114980D6D002B99A4 /* Supporting Files */,
			);
			path = SWSnapshotStackViewDemo;
			sourceTree = "<group>";
		};
		FE3D213114980D6D002B99A4 /* Supporting Files */ = {
			isa = PBXGroup;
			children = (
				FE3D213314980D6D002B99A4 /* InfoPlist.strings */,
				FE3D213614980D6D002B99A4 /* main.m */,
				FE3D213814980D6D002B99A4 /* SWSnapshotStackViewDemo-Prefix.pch */,
				FE3D213214980D6D002B99A4 /* SWSnapshotStackViewDemo-Info.plist */,
			);
			name = "Supporting Files";
			sourceTree = "<group>";
		};
		FE3D21471498368C002B99A4 /* SWSnapshotStackView */ = {
			isa = PBXGroup;
			children = (
				FE3D2148149836A9002B99A4 /* SWSnapshotStackView.h */,
				FE3D2149149836A9002B99A4 /* SWSnapshotStackView.m */,
			);
			name = SWSnapshotStackView;
			sourceTree = "<group>";
		};
		FE3D2156149861C6002B99A4 /* Resources */ = {
			isa = PBXGroup;
			children = (
				FE3D21581499898B002B99A4 /* 350D_IMG_3157_20071030w.jpg */,
				FE3D215E149AD601002B99A4 /* IMG_2777_080216w6s.jpg */,
				FE3D215C149A1089002B99A4 /* IMG_5737_081229w7sq.jpg */,
			);
			name = Resources;
			path = ..;
			sourceTree = "<group>";
		};
/* End PBXGroup section */

/* Begin PBXNativeTarget section */
		FE3D212514980D6D002B99A4 /* SWSnapshotStackViewDemo */ = {
			isa = PBXNativeTarget;
			buildConfigurationList = FE3D214414980D6D002B99A4 /* Build configuration list for PBXNativeTarget "SWSnapshotStackViewDemo" */;
			buildPhases = (
				FE3D212214980D6D002B99A4 /* Sources */,
				FE3D212314980D6D002B99A4 /* Frameworks */,
				FE3D212414980D6D002B99A4 /* Resources */,
			);
			buildRules = (
			);
			dependencies = (
			);
			name = SWSnapshotStackViewDemo;
			productName = SWSnapshotStackViewDemo;
			productReference = FE3D212614980D6D002B99A4 /* SWSnapshotStackViewDemo.app */;
			productType = "com.apple.product-type.application";
		};
/* End PBXNativeTarget section */

/* Begin PBXProject section */
		FE3D211D14980D6C002B99A4 /* Project object */ = {
			isa = PBXProject;
			attributes = {
				LastUpgradeCheck = 0420;
			};
			buildConfigurationList = FE3D212014980D6C002B99A4 /* Build configuration list for PBXProject "SWSnapshotStackViewDemo" */;
			compatibilityVersion = "Xcode 3.2";
			developmentRegion = English;
			hasScannedForEncodings = 0;
			knownRegions = (
				en,
			);
			mainGroup = FE3D211B14980D6C002B99A4;
			productRefGroup = FE3D212714980D6D002B99A4 /* Products */;
			projectDirPath = "";
			projectRoot = "";
			targets = (
				FE3D212514980D6D002B99A4 /* SWSnapshotStackViewDemo */,
			);
		};
/* End PBXProject section */

/* Begin PBXResourcesBuildPhase section */
		FE3D212414980D6D002B99A4 /* Resources */ = {
			isa = PBXResourcesBuildPhase;
			buildActionMask = 2147483647;
			files = (
				FE3D213514980D6D002B99A4 /* InfoPlist.strings in Resources */,
				FE3D214114980D6D002B99A4 /* RootViewController.xib in Resources */,
				FE3D21591499898C002B99A4 /* 350D_IMG_3157_20071030w.jpg in Resources */,
				FE3D215D149A1089002B99A4 /* IMG_5737_081229w7sq.jpg in Resources */,
				FE3D215F149AD601002B99A4 /* IMG_2777_080216w6s.jpg in Resources */,
			);
			runOnlyForDeploymentPostprocessing = 0;
		};
/* End PBXResourcesBuildPhase section */

/* Begin PBXSourcesBuildPhase section */
		FE3D212214980D6D002B99A4 /* Sources */ = {
			isa = PBXSourcesBuildPhase;
			buildActionMask = 2147483647;
			files = (
				FE3D213714980D6D002B99A4 /* main.m in Sources */,
				FE3D213B14980D6D002B99A4 /* AppDelegate.m in Sources */,
				FE3D213E14980D6D002B99A4 /* RootViewController.m in Sources */,
				FE3D214A149836A9002B99A4 /* SWSnapshotStackView.m in Sources */,
			);
			runOnlyForDeploymentPostprocessing = 0;
		};
/* End PBXSourcesBuildPhase section */

/* Begin PBXVariantGroup section */
		FE3D213314980D6D002B99A4 /* InfoPlist.strings */ = {
			isa = PBXVariantGroup;
			children = (
				FE3D213414980D6D002B99A4 /* en */,
			);
			name = InfoPlist.strings;
			sourceTree = "<group>";
		};
		FE3D213F14980D6D002B99A4 /* RootViewController.xib */ = {
			isa = PBXVariantGroup;
			children = (
				FE3D214014980D6D002B99A4 /* en */,
			);
			name = RootViewController.xib;
			sourceTree = "<group>";
		};
/* End PBXVariantGroup section */

/* Begin XCBuildConfiguration section */
		FE3D214214980D6D002B99A4 /* Debug */ = {
			isa = XCBuildConfiguration;
			buildSettings = {
				ALWAYS_SEARCH_USER_PATHS = NO;
				ARCHS = (
					armv6,
					"$(ARCHS_STANDARD_32_BIT)",
				);
				"CODE_SIGN_IDENTITY[sdk=iphoneos*]" = "iPhone Developer";
				COPY_PHASE_STRIP = NO;
				GCC_C_LANGUAGE_STANDARD = gnu99;
				GCC_DYNAMIC_NO_PIC = NO;
				GCC_OPTIMIZATION_LEVEL = 0;
				GCC_PREPROCESSOR_DEFINITIONS = (
					"DEBUG=1",
					"$(inherited)",
				);
				GCC_SYMBOLS_PRIVATE_EXTERN = NO;
				GCC_VERSION = com.apple.compilers.llvm.clang.1_0;
				GCC_WARN_ABOUT_MISSING_PROTOTYPES = YES;
				GCC_WARN_ABOUT_RETURN_TYPE = YES;
				GCC_WARN_UNUSED_VARIABLE = YES;
				IPHONEOS_DEPLOYMENT_TARGET = 3.1;
				SDKROOT = iphoneos;
			};
			name = Debug;
		};
		FE3D214314980D6D002B99A4 /* Release */ = {
			isa = XCBuildConfiguration;
			buildSettings = {
				ALWAYS_SEARCH_USER_PATHS = NO;
				ARCHS = (
					armv6,
					"$(ARCHS_STANDARD_32_BIT)",
				);
				"CODE_SIGN_IDENTITY[sdk=iphoneos*]" = "iPhone Developer";
				COPY_PHASE_STRIP = YES;
				GCC_C_LANGUAGE_STANDARD = gnu99;
				GCC_VERSION = com.apple.compilers.llvm.clang.1_0;
				GCC_WARN_ABOUT_MISSING_PROTOTYPES = YES;
				GCC_WARN_ABOUT_RETURN_TYPE = YES;
				GCC_WARN_UNUSED_VARIABLE = YES;
				IPHONEOS_DEPLOYMENT_TARGET = 3.1;
				OTHER_CFLAGS = "-DNS_BLOCK_ASSERTIONS=1";
				SDKROOT = iphoneos;
				VALIDATE_PRODUCT = YES;
			};
			name = Release;
		};
		FE3D214514980D6D002B99A4 /* Debug */ = {
			isa = XCBuildConfiguration;
			buildSettings = {
				GCC_PRECOMPILE_PREFIX_HEADER = YES;
				GCC_PREFIX_HEADER = "SWSnapshotStackViewDemo/SWSnapshotStackViewDemo-Prefix.pch";
				INFOPLIST_FILE = "SWSnapshotStackViewDemo/SWSnapshotStackViewDemo-Info.plist";
				IPHONEOS_DEPLOYMENT_TARGET = 3.1;
				PRODUCT_NAME = "$(TARGET_NAME)";
				TARGETED_DEVICE_FAMILY = 1;
				WRAPPER_EXTENSION = app;
			};
			name = Debug;
		};
		FE3D214614980D6D002B99A4 /* Release */ = {
			isa = XCBuildConfiguration;
			buildSettings = {
				GCC_PRECOMPILE_PREFIX_HEADER = YES;
				GCC_PREFIX_HEADER = "SWSnapshotStackViewDemo/SWSnapshotStackViewDemo-Prefix.pch";
				INFOPLIST_FILE = "SWSnapshotStackViewDemo/SWSnapshotStackViewDemo-Info.plist";
				IPHONEOS_DEPLOYMENT_TARGET = 3.1;
				PRODUCT_NAME = "$(TARGET_NAME)";
				TARGETED_DEVICE_FAMILY = 1;
				WRAPPER_EXTENSION = app;
			};
			name = Release;
		};
/* End XCBuildConfiguration section */

/* Begin XCConfigurationList section */
		FE3D212014980D6C002B99A4 /* Build configuration list for PBXProject "SWSnapshotStackViewDemo" */ = {
			isa = XCConfigurationList;
			buildConfigurations = (
				FE3D214214980D6D002B99A4 /* Debug */,
				FE3D214314980D6D002B99A4 /* Release */,
			);
			defaultConfigurationIsVisible = 0;
			defaultConfigurationName = Release;
		};
		FE3D214414980D6D002B99A4 /* Build configuration list for PBXNativeTarget "SWSnapshotStackViewDemo" */ = {
			isa = XCConfigurationList;
			buildConfigurations = (
				FE3D214514980D6D002B99A4 /* Debug */,
				FE3D214614980D6D002B99A4 /* Release */,
			);
			defaultConfigurationIsVisible = 0;
			defaultConfigurationName = Release;
		};
/* End XCConfigurationList section */
	};
	rootObject = FE3D211D14980D6C002B99A4 /* Project object */;
}
